
Microsoft Visual Studio Solution File, Format Version 12.00
# Visual Studio 2012
Project("{2150E333-8FDC-42A3-9474-1A3956D46DE8}") = "PORTABLE", "PORTABLE", "{90C5AB8A-3825-4481-B598-291222D7A545}"
EndProject
Project("{FAE04EC0-301F-11D3-BF4B-00C04F79EFBC}") = "nunitlite-portable", "src\framework\nunitlite-portable.csproj", "{5398EE3F-BF0C-4D0C-989B-6E23DC0B9631}"
EndProject
Project("{FAE04EC0-301F-11D3-BF4B-00C04F79EFBC}") = "mock-assembly-portable", "src\mock-assembly\mock-assembly-portable.csproj", "{0C90E65E-7298-48C8-8C2A-B647E8F96320}"
EndProject
Project("{FAE04EC0-301F-11D3-BF4B-00C04F79EFBC}") = "nunitlite.testdata-portable", "src\testdata\nunitlite.testdata-portable.csproj", "{E2C44E0E-FEDA-49E9-A724-2755D68840CE}"
EndProject
Project("{FAE04EC0-301F-11D3-BF4B-00C04F79EFBC}") = "nunitlite.tests-portable", "src\tests\nunitlite.tests-portable.csproj", "{3BB6D0CB-276E-4032-8818-DB744C840E5F}"
EndProject
Project("{2150E333-8FDC-42A3-9474-1A3956D46DE8}") = ".nuget", ".nuget", "{0652545C-A741-4A58-B85C-621BA4F469BD}"
	ProjectSection(SolutionItems) = preProject
		.nuget\NuGet.Config = .nuget\NuGet.Config
		.nuget\NuGet.exe = .nuget\NuGet.exe
		.nuget\NuGet.targets = .nuget\NuGet.targets
	EndProjectSection
EndProject
Global
	GlobalSection(SolutionConfigurationPlatforms) = preSolution
		Debug|Any CPU = Debug|Any CPU
		Release|Any CPU = Release|Any CPU
	EndGlobalSection
	GlobalSection(ProjectConfigurationPlatforms) = postSolution
		{5398EE3F-BF0C-4D0C-989B-6E23DC0B9631}.Debug|Any CPU.ActiveCfg = Debug|Any CPU
		{5398EE3F-BF0C-4D0C-989B-6E23DC0B9631}.Debug|Any CPU.Build.0 = Debug|Any CPU
		{5398EE3F-BF0C-4D0C-989B-6E23DC0B9631}.Release|Any CPU.ActiveCfg = Release|Any CPU
		{5398EE3F-BF0C-4D0C-989B-6E23DC0B9631}.Release|Any CPU.Build.0 = Release|Any CPU
		{0C90E65E-7298-48C8-8C2A-B647E8F96320}.Debug|Any CPU.ActiveCfg = Debug|Any CPU
		{0C90E65E-7298-48C8-8C2A-B647E8F96320}.Debug|Any CPU.Build.0 = Debug|Any CPU
		{0C90E65E-7298-48C8-8C2A-B647E8F96320}.Release|Any CPU.ActiveCfg = Release|Any CPU
		{0C90E65E-7298-48C8-8C2A-B647E8F96320}.Release|Any CPU.Build.0 = Release|Any CPU
		{E2C44E0E-FEDA-49E9-A724-2755D68840CE}.Debug|Any CPU.ActiveCfg = Debug|Any CPU
		{E2C44E0E-FEDA-49E9-A724-2755D68840CE}.Debug|Any CPU.Build.0 = Debug|Any CPU
		{E2C44E0E-FEDA-49E9-A724-2755D68840CE}.Release|Any CPU.ActiveCfg = Release|Any CPU
		{E2C44E0E-FEDA-49E9-A724-2755D68840CE}.Release|Any CPU.Build.0 = Release|Any CPU
		{3BB6D0CB-276E-4032-8818-DB744C840E5F}.Debug|Any CPU.ActiveCfg = Debug|Any CPU
		{3BB6D0CB-276E-4032-8818-DB744C840E5F}.Debug|Any CPU.Build.0 = Debug|Any CPU
		{3BB6D0CB-276E-4032-8818-DB744C840E5F}.Release|Any CPU.ActiveCfg = Release|Any CPU
		{3BB6D0CB-276E-4032-8818-DB744C840E5F}.Release|Any CPU.Build.0 = Release|Any CPU
	EndGlobalSection
	GlobalSection(SolutionProperties) = preSolution
		HideSolutionNode = FALSE
	EndGlobalSection
	GlobalSection(NestedProjects) = preSolution
		{5398EE3F-BF0C-4D0C-989B-6E23DC0B9631} = {90C5AB8A-3825-4481-B598-291222D7A545}
		{0C90E65E-7298-48C8-8C2A-B647E8F96320} = {90C5AB8A-3825-4481-B598-291222D7A545}
		{E2C44E0E-FEDA-49E9-A724-2755D68840CE} = {90C5AB8A-3825-4481-B598-291222D7A545}
		{3BB6D0CB-276E-4032-8818-DB744C840E5F} = {90C5AB8A-3825-4481-B598-291222D7A545}
	EndGlobalSection
	GlobalSection(MonoDevelopProperties) = preSolution
		StartupItem = NUnitLiteTests\NUnitLiteTests.csproj
	EndGlobalSection
EndGlobal
